
Microsoft Visual Studio Solution File, Format Version 12.00
# Visual Studio Version 17
VisualStudioVersion = 17.10.34707.107
MinimumVisualStudioVersion = 10.0.40219.1
Project("{9A19103F-16F7-4668-BE54-9A1E7A4F7556}") = "ozuUI", "osu!\ozuUI.csproj", "{7F99A894-B641-4609-8333-90B67A7098C9}"
EndProject
Project("{9A19103F-16F7-4668-BE54-9A1E7A4F7556}") = "ozuBL", "osu!BL\ozuBL.csproj", "{D5B18AA8-2749-48B6-AC13-48B21BF86C24}"
EndProject
Project("{9A19103F-16F7-4668-BE54-9A1E7A4F7556}") = "ozuDL", "ozuDL\ozuDL.csproj", "{8D903D2C-B711-48E9-B2F5-50D6141875F0}"
EndProject
Project("{9A19103F-16F7-4668-BE54-9A1E7A4F7556}") = "ozuModel", "ozuModel\ozuModel.csproj", "{6C31D081-C5D5-4B78-BA61-48802BEAC029}"
EndProject
Project("{FAE04EC0-301F-11D3-BF4B-00C04F79EFBC}") = "osuAPI", "osuAPI\osuAPI.csproj", "{26C279B6-42AE-459F-AD19-F62868A85146}"
EndProject
Global
	GlobalSection(SolutionConfigurationPlatforms) = preSolution
		Debug|Any CPU = Debug|Any CPU
		Release|Any CPU = Release|Any CPU
	EndGlobalSection
	GlobalSection(ProjectConfigurationPlatforms) = postSolution
		{7F99A894-B641-4609-8333-90B67A7098C9}.Debug|Any CPU.ActiveCfg = Debug|Any CPU
		{7F99A894-B641-4609-8333-90B67A7098C9}.Debug|Any CPU.Build.0 = Debug|Any CPU
		{7F99A894-B641-4609-8333-90B67A7098C9}.Release|Any CPU.ActiveCfg = Release|Any CPU
		{7F99A894-B641-4609-8333-90B67A7098C9}.Release|Any CPU.Build.0 = Release|Any CPU
		{D5B18AA8-2749-48B6-AC13-48B21BF86C24}.Debug|Any CPU.ActiveCfg = Debug|Any CPU
		{D5B18AA8-2749-48B6-AC13-48B21BF86C24}.Debug|Any CPU.Build.0 = Debug|Any CPU
		{D5B18AA8-2749-48B6-AC13-48B21BF86C24}.Release|Any CPU.ActiveCfg = Release|Any CPU
		{D5B18AA8-2749-48B6-AC13-48B21BF86C24}.Release|Any CPU.Build.0 = Release|Any CPU
		{8D903D2C-B711-48E9-B2F5-50D6141875F0}.Debug|Any CPU.ActiveCfg = Debug|Any CPU
		{8D903D2C-B711-48E9-B2F5-50D6141875F0}.Debug|Any CPU.Build.0 = Debug|Any CPU
		{8D903D2C-B711-48E9-B2F5-50D6141875F0}.Release|Any CPU.ActiveCfg = Release|Any CPU
		{8D903D2C-B711-48E9-B2F5-50D6141875F0}.Release|Any CPU.Build.0 = Release|Any CPU
		{6C31D081-C5D5-4B78-BA61-48802BEAC029}.Debug|Any CPU.ActiveCfg = Debug|Any CPU
		{6C31D081-C5D5-4B78-BA61-48802BEAC029}.Debug|Any CPU.Build.0 = Debug|Any CPU
		{6C31D081-C5D5-4B78-BA61-48802BEAC029}.Release|Any CPU.ActiveCfg = Release|Any CPU
		{6C31D081-C5D5-4B78-BA61-48802BEAC029}.Release|Any CPU.Build.0 = Release|Any CPU
		{26C279B6-42AE-459F-AD19-F62868A85146}.Debug|Any CPU.ActiveCfg = Debug|Any CPU
		{26C279B6-42AE-459F-AD19-F62868A85146}.Debug|Any CPU.Build.0 = Debug|Any CPU
		{26C279B6-42AE-459F-AD19-F62868A85146}.Release|Any CPU.ActiveCfg = Release|Any CPU
		{26C279B6-42AE-459F-AD19-F62868A85146}.Release|Any CPU.Build.0 = Release|Any CPU
	EndGlobalSection
	GlobalSection(SolutionProperties) = preSolution
		HideSolutionNode = FALSE
	EndGlobalSection
	GlobalSection(ExtensibilityGlobals) = postSolution
		SolutionGuid = {6C624FD2-433B-43A5-9936-7547625DF2C4}
	EndGlobalSection
EndGlobal
