
Microsoft Visual Studio Solution File, Format Version 12.00
# Visual Studio Version 17
VisualStudioVersion = 17.10.34707.107
MinimumVisualStudioVersion = 10.0.40219.1
Project("{9A19103F-16F7-4668-BE54-9A1E7A4F7556}") = "ozu", "osu!\ozu.csproj", "{7F99A894-B641-4609-8333-90B67A7098C9}"
EndProject
Project("{9A19103F-16F7-4668-BE54-9A1E7A4F7556}") = "ozuBL", "osu!BL\ozuBL.csproj", "{D5B18AA8-2749-48B6-AC13-48B21BF86C24}"
EndProject
Global
	GlobalSection(SolutionConfigurationPlatforms) = preSolution
		Debug|Any CPU = Debug|Any CPU
		Release|Any CPU = Release|Any CPU
	EndGlobalSection
	GlobalSection(ProjectConfigurationPlatforms) = postSolution
		{7F99A894-B641-4609-8333-90B67A7098C9}.Debug|Any CPU.ActiveCfg = Debug|Any CPU
		{7F99A894-B641-4609-8333-90B67A7098C9}.Debug|Any CPU.Build.0 = Debug|Any CPU
		{7F99A894-B641-4609-8333-90B67A7098C9}.Release|Any CPU.ActiveCfg = Release|Any CPU
		{7F99A894-B641-4609-8333-90B67A7098C9}.Release|Any CPU.Build.0 = Release|Any CPU
		{D5B18AA8-2749-48B6-AC13-48B21BF86C24}.Debug|Any CPU.ActiveCfg = Debug|Any CPU
		{D5B18AA8-2749-48B6-AC13-48B21BF86C24}.Debug|Any CPU.Build.0 = Debug|Any CPU
		{D5B18AA8-2749-48B6-AC13-48B21BF86C24}.Release|Any CPU.ActiveCfg = Release|Any CPU
		{D5B18AA8-2749-48B6-AC13-48B21BF86C24}.Release|Any CPU.Build.0 = Release|Any CPU
	EndGlobalSection
	GlobalSection(SolutionProperties) = preSolution
		HideSolutionNode = FALSE
	EndGlobalSection
	GlobalSection(ExtensibilityGlobals) = postSolution
		SolutionGuid = {6C624FD2-433B-43A5-9936-7547625DF2C4}
	EndGlobalSection
EndGlobal
